
Microsoft Visual Studio Solution File, Format Version 12.00
# Visual Studio Version 17
VisualStudioVersion = 17.0.31912.275
MinimumVisualStudioVersion = 10.0.40219.1
Project("{FAE04EC0-301F-11D3-BF4B-00C04F79EFBC}") = "Whim", "src\Whim\Whim.csproj", "{36F8A72C-8FD4-49C5-B547-74DCFAB9587D}"
EndProject
Project("{FAE04EC0-301F-11D3-BF4B-00C04F79EFBC}") = "Whim.Core", "src\Whim.Core\Whim.Core.csproj", "{81F6ADB0-5053-46E7-81C6-1F04E243FB1D}"
EndProject
Global
	GlobalSection(SolutionConfigurationPlatforms) = preSolution
		Debug|Any CPU = Debug|Any CPU
		Release|Any CPU = Release|Any CPU
	EndGlobalSection
	GlobalSection(ProjectConfigurationPlatforms) = postSolution
		{36F8A72C-8FD4-49C5-B547-74DCFAB9587D}.Debug|Any CPU.ActiveCfg = Debug|Any CPU
		{36F8A72C-8FD4-49C5-B547-74DCFAB9587D}.Debug|Any CPU.Build.0 = Debug|Any CPU
		{36F8A72C-8FD4-49C5-B547-74DCFAB9587D}.Release|Any CPU.ActiveCfg = Release|Any CPU
		{36F8A72C-8FD4-49C5-B547-74DCFAB9587D}.Release|Any CPU.Build.0 = Release|Any CPU
		{81F6ADB0-5053-46E7-81C6-1F04E243FB1D}.Debug|Any CPU.ActiveCfg = Debug|Any CPU
		{81F6ADB0-5053-46E7-81C6-1F04E243FB1D}.Debug|Any CPU.Build.0 = Debug|Any CPU
		{81F6ADB0-5053-46E7-81C6-1F04E243FB1D}.Release|Any CPU.ActiveCfg = Release|Any CPU
		{81F6ADB0-5053-46E7-81C6-1F04E243FB1D}.Release|Any CPU.Build.0 = Release|Any CPU
	EndGlobalSection
	GlobalSection(SolutionProperties) = preSolution
		HideSolutionNode = FALSE
	EndGlobalSection
	GlobalSection(ExtensibilityGlobals) = postSolution
		SolutionGuid = {821A328A-F03A-4865-8C49-F083BCCEF0F1}
	EndGlobalSection
EndGlobal
