
Microsoft Visual Studio Solution File, Format Version 12.00
# Visual Studio Version 17
VisualStudioVersion = 17.0.31912.275
MinimumVisualStudioVersion = 10.0.40219.1
Project("{9A19103F-16F7-4668-BE54-9A1E7A4F7556}") = "Whim", "src\Whim\Whim.csproj", "{81F6ADB0-5053-46E7-81C6-1F04E243FB1D}"
EndProject
Project("{9A19103F-16F7-4668-BE54-9A1E7A4F7556}") = "Whim.Gaps", "src\Whim.Gaps\Whim.Gaps.csproj", "{6B13ECFB-0754-4721-819A-9F4712B75E18}"
EndProject
Project("{9A19103F-16F7-4668-BE54-9A1E7A4F7556}") = "Whim.Tests", "src\Whim.Tests\Whim.Tests.csproj", "{B2BA068D-D77A-4B7B-9B64-2C23701F48B5}"
EndProject
Project("{9A19103F-16F7-4668-BE54-9A1E7A4F7556}") = "Whim.FloatingWindow", "src\Whim.FloatingWindow\Whim.FloatingWindow.csproj", "{636EA561-2625-4D2A-9A8A-890E5AEF18B9}"
EndProject
Project("{9A19103F-16F7-4668-BE54-9A1E7A4F7556}") = "Whim.Runner", "src\Whim.Runner\Whim.Runner.csproj", "{D74F1389-F4D1-4A1C-ACE3-D91D70472DBB}"
	ProjectSection(ProjectDependencies) = postProject
		{81F6ADB0-5053-46E7-81C6-1F04E243FB1D} = {81F6ADB0-5053-46E7-81C6-1F04E243FB1D}
		{6B13ECFB-0754-4721-819A-9F4712B75E18} = {6B13ECFB-0754-4721-819A-9F4712B75E18}
		{636EA561-2625-4D2A-9A8A-890E5AEF18B9} = {636EA561-2625-4D2A-9A8A-890E5AEF18B9}
		{D1CD9632-7BF6-40D3-BEE5-E6FA9BCE79CB} = {D1CD9632-7BF6-40D3-BEE5-E6FA9BCE79CB}
		{C16D9C8A-A36E-430C-AB84-700919BC7259} = {C16D9C8A-A36E-430C-AB84-700919BC7259}
		{05AB1322-761E-4C82-BF41-9613CA563C5A} = {05AB1322-761E-4C82-BF41-9613CA563C5A}
		{4F66FB22-C4B3-494F-BEE0-9F878349621E} = {4F66FB22-C4B3-494F-BEE0-9F878349621E}
		{8CD01B7A-78BD-48BD-B274-B2FEE48CC8F4} = {8CD01B7A-78BD-48BD-B274-B2FEE48CC8F4}
		{38946E3C-F336-450F-8159-164AD14C025B} = {38946E3C-F336-450F-8159-164AD14C025B}
		{3F7A2C45-EC4E-4CF5-8D62-4BA3A52F6CAC} = {3F7A2C45-EC4E-4CF5-8D62-4BA3A52F6CAC}
		{1E722ACD-6DC6-4D2E-AD30-642483643B7C} = {1E722ACD-6DC6-4D2E-AD30-642483643B7C}
		{E91865D5-66D9-448B-9EEC-E0EEF6EC5EBE} = {E91865D5-66D9-448B-9EEC-E0EEF6EC5EBE}
	EndProjectSection
EndProject
Project("{9A19103F-16F7-4668-BE54-9A1E7A4F7556}") = "Whim.Bar", "src\Whim.Bar\Whim.Bar.csproj", "{D1CD9632-7BF6-40D3-BEE5-E6FA9BCE79CB}"
EndProject
Project("{9A19103F-16F7-4668-BE54-9A1E7A4F7556}") = "Whim.FocusIndicator", "src\Whim.FocusIndicator\Whim.FocusIndicator.csproj", "{C16D9C8A-A36E-430C-AB84-700919BC7259}"
EndProject
Project("{2150E333-8FDC-42A3-9474-1A3956D46DE8}") = "Solution Items", "Solution Items", "{ECA4C58D-FAF9-4F32-9C35-0555959ABFE5}"
	ProjectSection(SolutionItems) = preProject
		.editorconfig = .editorconfig
		.gitignore = .gitignore
	EndProjectSection
EndProject
Project("{9A19103F-16F7-4668-BE54-9A1E7A4F7556}") = "Whim.CommandPalette", "src\Whim.CommandPalette\Whim.CommandPalette.csproj", "{05AB1322-761E-4C82-BF41-9613CA563C5A}"
EndProject
Project("{9A19103F-16F7-4668-BE54-9A1E7A4F7556}") = "Whim.CommandPalette.Tests", "src\Whim.CommandPalette.Tests\Whim.CommandPalette.Tests.csproj", "{867E9712-E9FC-4C27-8014-1FD660236BBB}"
EndProject
Project("{9A19103F-16F7-4668-BE54-9A1E7A4F7556}") = "Whim.TreeLayout.Bar", "src\Whim.TreeLayout.Bar\Whim.TreeLayout.Bar.csproj", "{4F66FB22-C4B3-494F-BEE0-9F878349621E}"
EndProject
Project("{9A19103F-16F7-4668-BE54-9A1E7A4F7556}") = "Whim.FloatingWindow.Tests", "src\Whim.FloatingWindow.Tests\Whim.FloatingWindow.Tests.csproj", "{2E407C3C-FCE9-4851-9091-61C6CC687AFD}"
EndProject
Project("{9A19103F-16F7-4668-BE54-9A1E7A4F7556}") = "Whim.Gaps.Tests", "src\Whim.Gaps.Tests\Whim.Gaps.Tests.csproj", "{3771BD98-746A-446D-BEA9-22C97B719299}"
EndProject
Project("{9A19103F-16F7-4668-BE54-9A1E7A4F7556}") = "Whim.TreeLayout.CommandPalette", "src\Whim.TreeLayout.CommandPalette\Whim.TreeLayout.CommandPalette.csproj", "{8CD01B7A-78BD-48BD-B274-B2FEE48CC8F4}"
EndProject
Project("{9A19103F-16F7-4668-BE54-9A1E7A4F7556}") = "Whim.TreeLayout.Bar.Tests", "src\Whim.TreeLayout.Bar.Tests\Whim.TreeLayout.Bar.Tests.csproj", "{860D3B0C-E324-4E3D-84DE-20356E21DE3F}"
EndProject
Project("{9A19103F-16F7-4668-BE54-9A1E7A4F7556}") = "Whim.TreeLayout.CommandPalette.Tests", "src\Whim.TreeLayout.CommandPalette.Tests\Whim.TreeLayout.CommandPalette.Tests.csproj", "{A555B1EF-2392-437F-A0FB-576AE4A22D48}"
EndProject
Project("{9A19103F-16F7-4668-BE54-9A1E7A4F7556}") = "Whim.TestUtils", "src\Whim.TestUtils\Whim.TestUtils.csproj", "{2A977CC1-E11B-4A23-A0AB-CCEB8F42AD9A}"
EndProject
Project("{9A19103F-16F7-4668-BE54-9A1E7A4F7556}") = "Whim.Bar.Tests", "src\Whim.Bar.Tests\Whim.Bar.Tests.csproj", "{6339FE1D-E9CF-4C71-868A-931CB51D6486}"
EndProject
Project("{9A19103F-16F7-4668-BE54-9A1E7A4F7556}") = "Whim.SliceLayout", "src\Whim.SliceLayout\Whim.SliceLayout.csproj", "{38946E3C-F336-450F-8159-164AD14C025B}"
EndProject
Project("{9A19103F-16F7-4668-BE54-9A1E7A4F7556}") = "Whim.SliceLayout.Tests", "src\Whim.SliceLayout.Tests\Whim.SliceLayout.Tests.csproj", "{0C32EB78-44C7-4397-8643-2E1C1F3442E9}"
EndProject
Project("{9A19103F-16F7-4668-BE54-9A1E7A4F7556}") = "Whim.TreeLayout", "src\Whim.TreeLayout\Whim.TreeLayout.csproj", "{3F7A2C45-EC4E-4CF5-8D62-4BA3A52F6CAC}"
EndProject
Project("{9A19103F-16F7-4668-BE54-9A1E7A4F7556}") = "Whim.TreeLayout.Tests", "src\Whim.TreeLayout.Tests\Whim.TreeLayout.Tests.csproj", "{804053FC-ABCF-4A54-9B24-CF623CEA990F}"
EndProject
Project("{9A19103F-16F7-4668-BE54-9A1E7A4F7556}") = "Whim.LayoutPreview", "src\Whim.LayoutPreview\Whim.LayoutPreview.csproj", "{1E722ACD-6DC6-4D2E-AD30-642483643B7C}"
EndProject
Project("{9A19103F-16F7-4668-BE54-9A1E7A4F7556}") = "Whim.LayoutPreview.Tests", "src\Whim.LayoutPreview.Tests\Whim.LayoutPreview.Tests.csproj", "{C1429C46-750E-4203-BD0E-215F7D2EE8C2}"
EndProject
Project("{9A19103F-16F7-4668-BE54-9A1E7A4F7556}") = "Whim.Updater", "src\Whim.Updater\Whim.Updater.csproj", "{E91865D5-66D9-448B-9EEC-E0EEF6EC5EBE}"
EndProject
Project("{9A19103F-16F7-4668-BE54-9A1E7A4F7556}") = "Whim.Updater.Tests", "src\Whim.Updater.Tests\Whim.Updater.Tests.csproj", "{741677F5-5C83-474E-83B7-08F7A84DE11D}"
EndProject
Project("{9A19103F-16F7-4668-BE54-9A1E7A4F7556}") = "Whim.Json", "src\Whim.Json\Whim.Json.csproj", "{87B4F4D9-352D-46F5-920F-262E2D7FC7FC}"
EndProject
Project("{9A19103F-16F7-4668-BE54-9A1E7A4F7556}") = "Whim.Json.Tests", "src\Whim.Json.Tests\Whim.Json.Tests.csproj", "{9FCA57D6-246D-45CE-AA45-76658EFF849C}"
EndProject
Global
	GlobalSection(SolutionConfigurationPlatforms) = preSolution
		Debug|Any CPU = Debug|Any CPU
		Debug|arm64 = Debug|arm64
		Debug|x64 = Debug|x64
		Release|Any CPU = Release|Any CPU
		Release|arm64 = Release|arm64
		Release|x64 = Release|x64
	EndGlobalSection
	GlobalSection(ProjectConfigurationPlatforms) = postSolution
		{81F6ADB0-5053-46E7-81C6-1F04E243FB1D}.Debug|Any CPU.ActiveCfg = Debug|Any CPU
		{81F6ADB0-5053-46E7-81C6-1F04E243FB1D}.Debug|Any CPU.Build.0 = Debug|Any CPU
		{81F6ADB0-5053-46E7-81C6-1F04E243FB1D}.Debug|arm64.ActiveCfg = Debug|arm64
		{81F6ADB0-5053-46E7-81C6-1F04E243FB1D}.Debug|arm64.Build.0 = Debug|arm64
		{81F6ADB0-5053-46E7-81C6-1F04E243FB1D}.Debug|x64.ActiveCfg = Debug|x64
		{81F6ADB0-5053-46E7-81C6-1F04E243FB1D}.Debug|x64.Build.0 = Debug|x64
		{81F6ADB0-5053-46E7-81C6-1F04E243FB1D}.Release|Any CPU.ActiveCfg = Release|Any CPU
		{81F6ADB0-5053-46E7-81C6-1F04E243FB1D}.Release|Any CPU.Build.0 = Release|Any CPU
		{81F6ADB0-5053-46E7-81C6-1F04E243FB1D}.Release|arm64.ActiveCfg = Release|arm64
		{81F6ADB0-5053-46E7-81C6-1F04E243FB1D}.Release|arm64.Build.0 = Release|arm64
		{81F6ADB0-5053-46E7-81C6-1F04E243FB1D}.Release|x64.ActiveCfg = Release|x64
		{81F6ADB0-5053-46E7-81C6-1F04E243FB1D}.Release|x64.Build.0 = Release|x64
		{6B13ECFB-0754-4721-819A-9F4712B75E18}.Debug|Any CPU.ActiveCfg = Debug|Any CPU
		{6B13ECFB-0754-4721-819A-9F4712B75E18}.Debug|Any CPU.Build.0 = Debug|Any CPU
		{6B13ECFB-0754-4721-819A-9F4712B75E18}.Debug|arm64.ActiveCfg = Debug|arm64
		{6B13ECFB-0754-4721-819A-9F4712B75E18}.Debug|arm64.Build.0 = Debug|arm64
		{6B13ECFB-0754-4721-819A-9F4712B75E18}.Debug|x64.ActiveCfg = Debug|x64
		{6B13ECFB-0754-4721-819A-9F4712B75E18}.Debug|x64.Build.0 = Debug|x64
		{6B13ECFB-0754-4721-819A-9F4712B75E18}.Release|Any CPU.ActiveCfg = Release|Any CPU
		{6B13ECFB-0754-4721-819A-9F4712B75E18}.Release|Any CPU.Build.0 = Release|Any CPU
		{6B13ECFB-0754-4721-819A-9F4712B75E18}.Release|arm64.ActiveCfg = Release|arm64
		{6B13ECFB-0754-4721-819A-9F4712B75E18}.Release|arm64.Build.0 = Release|arm64
		{6B13ECFB-0754-4721-819A-9F4712B75E18}.Release|x64.ActiveCfg = Release|x64
		{6B13ECFB-0754-4721-819A-9F4712B75E18}.Release|x64.Build.0 = Release|x64
		{B2BA068D-D77A-4B7B-9B64-2C23701F48B5}.Debug|Any CPU.ActiveCfg = Debug|Any CPU
		{B2BA068D-D77A-4B7B-9B64-2C23701F48B5}.Debug|Any CPU.Build.0 = Debug|Any CPU
		{B2BA068D-D77A-4B7B-9B64-2C23701F48B5}.Debug|arm64.ActiveCfg = Debug|arm64
		{B2BA068D-D77A-4B7B-9B64-2C23701F48B5}.Debug|arm64.Build.0 = Debug|arm64
		{B2BA068D-D77A-4B7B-9B64-2C23701F48B5}.Debug|x64.ActiveCfg = Debug|x64
		{B2BA068D-D77A-4B7B-9B64-2C23701F48B5}.Debug|x64.Build.0 = Debug|x64
		{B2BA068D-D77A-4B7B-9B64-2C23701F48B5}.Release|Any CPU.ActiveCfg = Release|Any CPU
		{B2BA068D-D77A-4B7B-9B64-2C23701F48B5}.Release|Any CPU.Build.0 = Release|Any CPU
		{B2BA068D-D77A-4B7B-9B64-2C23701F48B5}.Release|arm64.ActiveCfg = Release|arm64
		{B2BA068D-D77A-4B7B-9B64-2C23701F48B5}.Release|arm64.Build.0 = Release|arm64
		{B2BA068D-D77A-4B7B-9B64-2C23701F48B5}.Release|x64.ActiveCfg = Release|x64
		{B2BA068D-D77A-4B7B-9B64-2C23701F48B5}.Release|x64.Build.0 = Release|x64
		{636EA561-2625-4D2A-9A8A-890E5AEF18B9}.Debug|Any CPU.ActiveCfg = Debug|Any CPU
		{636EA561-2625-4D2A-9A8A-890E5AEF18B9}.Debug|Any CPU.Build.0 = Debug|Any CPU
		{636EA561-2625-4D2A-9A8A-890E5AEF18B9}.Debug|arm64.ActiveCfg = Debug|arm64
		{636EA561-2625-4D2A-9A8A-890E5AEF18B9}.Debug|arm64.Build.0 = Debug|arm64
		{636EA561-2625-4D2A-9A8A-890E5AEF18B9}.Debug|x64.ActiveCfg = Debug|x64
		{636EA561-2625-4D2A-9A8A-890E5AEF18B9}.Debug|x64.Build.0 = Debug|x64
		{636EA561-2625-4D2A-9A8A-890E5AEF18B9}.Release|Any CPU.ActiveCfg = Release|Any CPU
		{636EA561-2625-4D2A-9A8A-890E5AEF18B9}.Release|Any CPU.Build.0 = Release|Any CPU
		{636EA561-2625-4D2A-9A8A-890E5AEF18B9}.Release|arm64.ActiveCfg = Release|arm64
		{636EA561-2625-4D2A-9A8A-890E5AEF18B9}.Release|arm64.Build.0 = Release|arm64
		{636EA561-2625-4D2A-9A8A-890E5AEF18B9}.Release|x64.ActiveCfg = Release|x64
		{636EA561-2625-4D2A-9A8A-890E5AEF18B9}.Release|x64.Build.0 = Release|x64
		{D74F1389-F4D1-4A1C-ACE3-D91D70472DBB}.Debug|Any CPU.ActiveCfg = Debug|Any CPU
		{D74F1389-F4D1-4A1C-ACE3-D91D70472DBB}.Debug|Any CPU.Build.0 = Debug|Any CPU
		{D74F1389-F4D1-4A1C-ACE3-D91D70472DBB}.Debug|arm64.ActiveCfg = Debug|arm64
		{D74F1389-F4D1-4A1C-ACE3-D91D70472DBB}.Debug|arm64.Build.0 = Debug|arm64
		{D74F1389-F4D1-4A1C-ACE3-D91D70472DBB}.Debug|arm64.Deploy.0 = Debug|arm64
		{D74F1389-F4D1-4A1C-ACE3-D91D70472DBB}.Debug|x64.ActiveCfg = Debug|x64
		{D74F1389-F4D1-4A1C-ACE3-D91D70472DBB}.Debug|x64.Build.0 = Debug|x64
		{D74F1389-F4D1-4A1C-ACE3-D91D70472DBB}.Debug|x64.Deploy.0 = Debug|x64
		{D74F1389-F4D1-4A1C-ACE3-D91D70472DBB}.Release|Any CPU.ActiveCfg = Release|Any CPU
		{D74F1389-F4D1-4A1C-ACE3-D91D70472DBB}.Release|Any CPU.Build.0 = Release|Any CPU
		{D74F1389-F4D1-4A1C-ACE3-D91D70472DBB}.Release|arm64.ActiveCfg = Release|arm64
		{D74F1389-F4D1-4A1C-ACE3-D91D70472DBB}.Release|arm64.Build.0 = Release|arm64
		{D74F1389-F4D1-4A1C-ACE3-D91D70472DBB}.Release|arm64.Deploy.0 = Release|arm64
		{D74F1389-F4D1-4A1C-ACE3-D91D70472DBB}.Release|x64.ActiveCfg = Release|x64
		{D74F1389-F4D1-4A1C-ACE3-D91D70472DBB}.Release|x64.Build.0 = Release|x64
		{D74F1389-F4D1-4A1C-ACE3-D91D70472DBB}.Release|x64.Deploy.0 = Release|x64
		{D1CD9632-7BF6-40D3-BEE5-E6FA9BCE79CB}.Debug|Any CPU.ActiveCfg = Debug|Any CPU
		{D1CD9632-7BF6-40D3-BEE5-E6FA9BCE79CB}.Debug|Any CPU.Build.0 = Debug|Any CPU
		{D1CD9632-7BF6-40D3-BEE5-E6FA9BCE79CB}.Debug|arm64.ActiveCfg = Debug|arm64
		{D1CD9632-7BF6-40D3-BEE5-E6FA9BCE79CB}.Debug|arm64.Build.0 = Debug|arm64
		{D1CD9632-7BF6-40D3-BEE5-E6FA9BCE79CB}.Debug|x64.ActiveCfg = Debug|x64
		{D1CD9632-7BF6-40D3-BEE5-E6FA9BCE79CB}.Debug|x64.Build.0 = Debug|x64
		{D1CD9632-7BF6-40D3-BEE5-E6FA9BCE79CB}.Release|Any CPU.ActiveCfg = Release|Any CPU
		{D1CD9632-7BF6-40D3-BEE5-E6FA9BCE79CB}.Release|Any CPU.Build.0 = Release|Any CPU
		{D1CD9632-7BF6-40D3-BEE5-E6FA9BCE79CB}.Release|arm64.ActiveCfg = Release|arm64
		{D1CD9632-7BF6-40D3-BEE5-E6FA9BCE79CB}.Release|arm64.Build.0 = Release|arm64
		{D1CD9632-7BF6-40D3-BEE5-E6FA9BCE79CB}.Release|x64.ActiveCfg = Release|x64
		{D1CD9632-7BF6-40D3-BEE5-E6FA9BCE79CB}.Release|x64.Build.0 = Release|x64
		{C16D9C8A-A36E-430C-AB84-700919BC7259}.Debug|Any CPU.ActiveCfg = Debug|Any CPU
		{C16D9C8A-A36E-430C-AB84-700919BC7259}.Debug|Any CPU.Build.0 = Debug|Any CPU
		{C16D9C8A-A36E-430C-AB84-700919BC7259}.Debug|arm64.ActiveCfg = Debug|arm64
		{C16D9C8A-A36E-430C-AB84-700919BC7259}.Debug|arm64.Build.0 = Debug|arm64
		{C16D9C8A-A36E-430C-AB84-700919BC7259}.Debug|x64.ActiveCfg = Debug|x64
		{C16D9C8A-A36E-430C-AB84-700919BC7259}.Debug|x64.Build.0 = Debug|x64
		{C16D9C8A-A36E-430C-AB84-700919BC7259}.Release|Any CPU.ActiveCfg = Release|Any CPU
		{C16D9C8A-A36E-430C-AB84-700919BC7259}.Release|Any CPU.Build.0 = Release|Any CPU
		{C16D9C8A-A36E-430C-AB84-700919BC7259}.Release|arm64.ActiveCfg = Release|arm64
		{C16D9C8A-A36E-430C-AB84-700919BC7259}.Release|arm64.Build.0 = Release|arm64
		{C16D9C8A-A36E-430C-AB84-700919BC7259}.Release|x64.ActiveCfg = Release|x64
		{C16D9C8A-A36E-430C-AB84-700919BC7259}.Release|x64.Build.0 = Release|x64
		{05AB1322-761E-4C82-BF41-9613CA563C5A}.Debug|Any CPU.ActiveCfg = Debug|Any CPU
		{05AB1322-761E-4C82-BF41-9613CA563C5A}.Debug|Any CPU.Build.0 = Debug|Any CPU
		{05AB1322-761E-4C82-BF41-9613CA563C5A}.Debug|arm64.ActiveCfg = Debug|arm64
		{05AB1322-761E-4C82-BF41-9613CA563C5A}.Debug|arm64.Build.0 = Debug|arm64
		{05AB1322-761E-4C82-BF41-9613CA563C5A}.Debug|x64.ActiveCfg = Debug|x64
		{05AB1322-761E-4C82-BF41-9613CA563C5A}.Debug|x64.Build.0 = Debug|x64
		{05AB1322-761E-4C82-BF41-9613CA563C5A}.Release|Any CPU.ActiveCfg = Release|Any CPU
		{05AB1322-761E-4C82-BF41-9613CA563C5A}.Release|Any CPU.Build.0 = Release|Any CPU
		{05AB1322-761E-4C82-BF41-9613CA563C5A}.Release|arm64.ActiveCfg = Release|arm64
		{05AB1322-761E-4C82-BF41-9613CA563C5A}.Release|arm64.Build.0 = Release|arm64
		{05AB1322-761E-4C82-BF41-9613CA563C5A}.Release|x64.ActiveCfg = Release|x64
		{05AB1322-761E-4C82-BF41-9613CA563C5A}.Release|x64.Build.0 = Release|x64
		{867E9712-E9FC-4C27-8014-1FD660236BBB}.Debug|Any CPU.ActiveCfg = Debug|Any CPU
		{867E9712-E9FC-4C27-8014-1FD660236BBB}.Debug|Any CPU.Build.0 = Debug|Any CPU
		{867E9712-E9FC-4C27-8014-1FD660236BBB}.Debug|arm64.ActiveCfg = Debug|arm64
		{867E9712-E9FC-4C27-8014-1FD660236BBB}.Debug|arm64.Build.0 = Debug|arm64
		{867E9712-E9FC-4C27-8014-1FD660236BBB}.Debug|x64.ActiveCfg = Debug|x64
		{867E9712-E9FC-4C27-8014-1FD660236BBB}.Debug|x64.Build.0 = Debug|x64
		{867E9712-E9FC-4C27-8014-1FD660236BBB}.Release|Any CPU.ActiveCfg = Release|Any CPU
		{867E9712-E9FC-4C27-8014-1FD660236BBB}.Release|Any CPU.Build.0 = Release|Any CPU
		{867E9712-E9FC-4C27-8014-1FD660236BBB}.Release|arm64.ActiveCfg = Release|arm64
		{867E9712-E9FC-4C27-8014-1FD660236BBB}.Release|arm64.Build.0 = Release|arm64
		{867E9712-E9FC-4C27-8014-1FD660236BBB}.Release|x64.ActiveCfg = Release|x64
		{867E9712-E9FC-4C27-8014-1FD660236BBB}.Release|x64.Build.0 = Release|x64
		{4F66FB22-C4B3-494F-BEE0-9F878349621E}.Debug|Any CPU.ActiveCfg = Debug|Any CPU
		{4F66FB22-C4B3-494F-BEE0-9F878349621E}.Debug|Any CPU.Build.0 = Debug|Any CPU
		{4F66FB22-C4B3-494F-BEE0-9F878349621E}.Debug|arm64.ActiveCfg = Debug|arm64
		{4F66FB22-C4B3-494F-BEE0-9F878349621E}.Debug|arm64.Build.0 = Debug|arm64
		{4F66FB22-C4B3-494F-BEE0-9F878349621E}.Debug|x64.ActiveCfg = Debug|x64
		{4F66FB22-C4B3-494F-BEE0-9F878349621E}.Debug|x64.Build.0 = Debug|x64
		{4F66FB22-C4B3-494F-BEE0-9F878349621E}.Release|Any CPU.ActiveCfg = Release|Any CPU
		{4F66FB22-C4B3-494F-BEE0-9F878349621E}.Release|Any CPU.Build.0 = Release|Any CPU
		{4F66FB22-C4B3-494F-BEE0-9F878349621E}.Release|arm64.ActiveCfg = Release|arm64
		{4F66FB22-C4B3-494F-BEE0-9F878349621E}.Release|arm64.Build.0 = Release|arm64
		{4F66FB22-C4B3-494F-BEE0-9F878349621E}.Release|x64.ActiveCfg = Release|x64
		{4F66FB22-C4B3-494F-BEE0-9F878349621E}.Release|x64.Build.0 = Release|x64
		{2E407C3C-FCE9-4851-9091-61C6CC687AFD}.Debug|Any CPU.ActiveCfg = Debug|Any CPU
		{2E407C3C-FCE9-4851-9091-61C6CC687AFD}.Debug|Any CPU.Build.0 = Debug|Any CPU
		{2E407C3C-FCE9-4851-9091-61C6CC687AFD}.Debug|arm64.ActiveCfg = Debug|arm64
		{2E407C3C-FCE9-4851-9091-61C6CC687AFD}.Debug|arm64.Build.0 = Debug|arm64
		{2E407C3C-FCE9-4851-9091-61C6CC687AFD}.Debug|x64.ActiveCfg = Debug|x64
		{2E407C3C-FCE9-4851-9091-61C6CC687AFD}.Debug|x64.Build.0 = Debug|x64
		{2E407C3C-FCE9-4851-9091-61C6CC687AFD}.Release|Any CPU.ActiveCfg = Release|Any CPU
		{2E407C3C-FCE9-4851-9091-61C6CC687AFD}.Release|Any CPU.Build.0 = Release|Any CPU
		{2E407C3C-FCE9-4851-9091-61C6CC687AFD}.Release|arm64.ActiveCfg = Release|arm64
		{2E407C3C-FCE9-4851-9091-61C6CC687AFD}.Release|arm64.Build.0 = Release|arm64
		{2E407C3C-FCE9-4851-9091-61C6CC687AFD}.Release|x64.ActiveCfg = Release|x64
		{2E407C3C-FCE9-4851-9091-61C6CC687AFD}.Release|x64.Build.0 = Release|x64
		{3771BD98-746A-446D-BEA9-22C97B719299}.Debug|Any CPU.ActiveCfg = Debug|Any CPU
		{3771BD98-746A-446D-BEA9-22C97B719299}.Debug|Any CPU.Build.0 = Debug|Any CPU
		{3771BD98-746A-446D-BEA9-22C97B719299}.Debug|arm64.ActiveCfg = Debug|arm64
		{3771BD98-746A-446D-BEA9-22C97B719299}.Debug|arm64.Build.0 = Debug|arm64
		{3771BD98-746A-446D-BEA9-22C97B719299}.Debug|x64.ActiveCfg = Debug|x64
		{3771BD98-746A-446D-BEA9-22C97B719299}.Debug|x64.Build.0 = Debug|x64
		{3771BD98-746A-446D-BEA9-22C97B719299}.Release|Any CPU.ActiveCfg = Release|Any CPU
		{3771BD98-746A-446D-BEA9-22C97B719299}.Release|Any CPU.Build.0 = Release|Any CPU
		{3771BD98-746A-446D-BEA9-22C97B719299}.Release|arm64.ActiveCfg = Release|arm64
		{3771BD98-746A-446D-BEA9-22C97B719299}.Release|arm64.Build.0 = Release|arm64
		{3771BD98-746A-446D-BEA9-22C97B719299}.Release|x64.ActiveCfg = Release|x64
		{3771BD98-746A-446D-BEA9-22C97B719299}.Release|x64.Build.0 = Release|x64
		{8CD01B7A-78BD-48BD-B274-B2FEE48CC8F4}.Debug|Any CPU.ActiveCfg = Debug|Any CPU
		{8CD01B7A-78BD-48BD-B274-B2FEE48CC8F4}.Debug|Any CPU.Build.0 = Debug|Any CPU
		{8CD01B7A-78BD-48BD-B274-B2FEE48CC8F4}.Debug|arm64.ActiveCfg = Debug|arm64
		{8CD01B7A-78BD-48BD-B274-B2FEE48CC8F4}.Debug|arm64.Build.0 = Debug|arm64
		{8CD01B7A-78BD-48BD-B274-B2FEE48CC8F4}.Debug|x64.ActiveCfg = Debug|x64
		{8CD01B7A-78BD-48BD-B274-B2FEE48CC8F4}.Debug|x64.Build.0 = Debug|x64
		{8CD01B7A-78BD-48BD-B274-B2FEE48CC8F4}.Release|Any CPU.ActiveCfg = Release|Any CPU
		{8CD01B7A-78BD-48BD-B274-B2FEE48CC8F4}.Release|Any CPU.Build.0 = Release|Any CPU
		{8CD01B7A-78BD-48BD-B274-B2FEE48CC8F4}.Release|arm64.ActiveCfg = Release|arm64
		{8CD01B7A-78BD-48BD-B274-B2FEE48CC8F4}.Release|arm64.Build.0 = Release|arm64
		{8CD01B7A-78BD-48BD-B274-B2FEE48CC8F4}.Release|x64.ActiveCfg = Release|x64
		{8CD01B7A-78BD-48BD-B274-B2FEE48CC8F4}.Release|x64.Build.0 = Release|x64
		{860D3B0C-E324-4E3D-84DE-20356E21DE3F}.Debug|Any CPU.ActiveCfg = Debug|Any CPU
		{860D3B0C-E324-4E3D-84DE-20356E21DE3F}.Debug|Any CPU.Build.0 = Debug|Any CPU
		{860D3B0C-E324-4E3D-84DE-20356E21DE3F}.Debug|arm64.ActiveCfg = Debug|arm64
		{860D3B0C-E324-4E3D-84DE-20356E21DE3F}.Debug|arm64.Build.0 = Debug|arm64
		{860D3B0C-E324-4E3D-84DE-20356E21DE3F}.Debug|x64.ActiveCfg = Debug|x64
		{860D3B0C-E324-4E3D-84DE-20356E21DE3F}.Debug|x64.Build.0 = Debug|x64
		{860D3B0C-E324-4E3D-84DE-20356E21DE3F}.Release|Any CPU.ActiveCfg = Release|Any CPU
		{860D3B0C-E324-4E3D-84DE-20356E21DE3F}.Release|Any CPU.Build.0 = Release|Any CPU
		{860D3B0C-E324-4E3D-84DE-20356E21DE3F}.Release|arm64.ActiveCfg = Release|arm64
		{860D3B0C-E324-4E3D-84DE-20356E21DE3F}.Release|arm64.Build.0 = Release|arm64
		{860D3B0C-E324-4E3D-84DE-20356E21DE3F}.Release|x64.ActiveCfg = Release|x64
		{860D3B0C-E324-4E3D-84DE-20356E21DE3F}.Release|x64.Build.0 = Release|x64
		{A555B1EF-2392-437F-A0FB-576AE4A22D48}.Debug|Any CPU.ActiveCfg = Debug|Any CPU
		{A555B1EF-2392-437F-A0FB-576AE4A22D48}.Debug|Any CPU.Build.0 = Debug|Any CPU
		{A555B1EF-2392-437F-A0FB-576AE4A22D48}.Debug|arm64.ActiveCfg = Debug|arm64
		{A555B1EF-2392-437F-A0FB-576AE4A22D48}.Debug|arm64.Build.0 = Debug|arm64
		{A555B1EF-2392-437F-A0FB-576AE4A22D48}.Debug|x64.ActiveCfg = Debug|x64
		{A555B1EF-2392-437F-A0FB-576AE4A22D48}.Debug|x64.Build.0 = Debug|x64
		{A555B1EF-2392-437F-A0FB-576AE4A22D48}.Release|Any CPU.ActiveCfg = Release|Any CPU
		{A555B1EF-2392-437F-A0FB-576AE4A22D48}.Release|Any CPU.Build.0 = Release|Any CPU
		{A555B1EF-2392-437F-A0FB-576AE4A22D48}.Release|arm64.ActiveCfg = Release|arm64
		{A555B1EF-2392-437F-A0FB-576AE4A22D48}.Release|arm64.Build.0 = Release|arm64
		{A555B1EF-2392-437F-A0FB-576AE4A22D48}.Release|x64.ActiveCfg = Release|x64
		{A555B1EF-2392-437F-A0FB-576AE4A22D48}.Release|x64.Build.0 = Release|x64
		{2A977CC1-E11B-4A23-A0AB-CCEB8F42AD9A}.Debug|Any CPU.ActiveCfg = Debug|Any CPU
		{2A977CC1-E11B-4A23-A0AB-CCEB8F42AD9A}.Debug|Any CPU.Build.0 = Debug|Any CPU
		{2A977CC1-E11B-4A23-A0AB-CCEB8F42AD9A}.Debug|arm64.ActiveCfg = Debug|arm64
		{2A977CC1-E11B-4A23-A0AB-CCEB8F42AD9A}.Debug|arm64.Build.0 = Debug|arm64
		{2A977CC1-E11B-4A23-A0AB-CCEB8F42AD9A}.Debug|x64.ActiveCfg = Debug|x64
		{2A977CC1-E11B-4A23-A0AB-CCEB8F42AD9A}.Debug|x64.Build.0 = Debug|x64
		{2A977CC1-E11B-4A23-A0AB-CCEB8F42AD9A}.Release|Any CPU.ActiveCfg = Release|Any CPU
		{2A977CC1-E11B-4A23-A0AB-CCEB8F42AD9A}.Release|Any CPU.Build.0 = Release|Any CPU
		{2A977CC1-E11B-4A23-A0AB-CCEB8F42AD9A}.Release|arm64.ActiveCfg = Release|arm64
		{2A977CC1-E11B-4A23-A0AB-CCEB8F42AD9A}.Release|arm64.Build.0 = Release|arm64
		{2A977CC1-E11B-4A23-A0AB-CCEB8F42AD9A}.Release|x64.ActiveCfg = Release|x64
		{2A977CC1-E11B-4A23-A0AB-CCEB8F42AD9A}.Release|x64.Build.0 = Release|x64
		{6339FE1D-E9CF-4C71-868A-931CB51D6486}.Debug|Any CPU.ActiveCfg = Debug|Any CPU
		{6339FE1D-E9CF-4C71-868A-931CB51D6486}.Debug|Any CPU.Build.0 = Debug|Any CPU
		{6339FE1D-E9CF-4C71-868A-931CB51D6486}.Debug|arm64.ActiveCfg = Debug|arm64
		{6339FE1D-E9CF-4C71-868A-931CB51D6486}.Debug|arm64.Build.0 = Debug|arm64
		{6339FE1D-E9CF-4C71-868A-931CB51D6486}.Debug|x64.ActiveCfg = Debug|x64
		{6339FE1D-E9CF-4C71-868A-931CB51D6486}.Debug|x64.Build.0 = Debug|x64
		{6339FE1D-E9CF-4C71-868A-931CB51D6486}.Release|Any CPU.ActiveCfg = Release|Any CPU
		{6339FE1D-E9CF-4C71-868A-931CB51D6486}.Release|Any CPU.Build.0 = Release|Any CPU
		{6339FE1D-E9CF-4C71-868A-931CB51D6486}.Release|arm64.ActiveCfg = Release|arm64
		{6339FE1D-E9CF-4C71-868A-931CB51D6486}.Release|arm64.Build.0 = Release|arm64
		{6339FE1D-E9CF-4C71-868A-931CB51D6486}.Release|x64.ActiveCfg = Release|x64
		{6339FE1D-E9CF-4C71-868A-931CB51D6486}.Release|x64.Build.0 = Release|x64
		{38946E3C-F336-450F-8159-164AD14C025B}.Debug|Any CPU.ActiveCfg = Debug|Any CPU
		{38946E3C-F336-450F-8159-164AD14C025B}.Debug|Any CPU.Build.0 = Debug|Any CPU
		{38946E3C-F336-450F-8159-164AD14C025B}.Debug|arm64.ActiveCfg = Debug|arm64
		{38946E3C-F336-450F-8159-164AD14C025B}.Debug|arm64.Build.0 = Debug|arm64
		{38946E3C-F336-450F-8159-164AD14C025B}.Debug|x64.ActiveCfg = Debug|x64
		{38946E3C-F336-450F-8159-164AD14C025B}.Debug|x64.Build.0 = Debug|x64
		{38946E3C-F336-450F-8159-164AD14C025B}.Release|Any CPU.ActiveCfg = Release|Any CPU
		{38946E3C-F336-450F-8159-164AD14C025B}.Release|Any CPU.Build.0 = Release|Any CPU
		{38946E3C-F336-450F-8159-164AD14C025B}.Release|arm64.ActiveCfg = Release|arm64
		{38946E3C-F336-450F-8159-164AD14C025B}.Release|arm64.Build.0 = Release|arm64
		{38946E3C-F336-450F-8159-164AD14C025B}.Release|x64.ActiveCfg = Release|x64
		{38946E3C-F336-450F-8159-164AD14C025B}.Release|x64.Build.0 = Release|x64
		{0C32EB78-44C7-4397-8643-2E1C1F3442E9}.Debug|Any CPU.ActiveCfg = Debug|Any CPU
		{0C32EB78-44C7-4397-8643-2E1C1F3442E9}.Debug|Any CPU.Build.0 = Debug|Any CPU
		{0C32EB78-44C7-4397-8643-2E1C1F3442E9}.Debug|arm64.ActiveCfg = Debug|arm64
		{0C32EB78-44C7-4397-8643-2E1C1F3442E9}.Debug|arm64.Build.0 = Debug|arm64
		{0C32EB78-44C7-4397-8643-2E1C1F3442E9}.Debug|x64.ActiveCfg = Debug|x64
		{0C32EB78-44C7-4397-8643-2E1C1F3442E9}.Debug|x64.Build.0 = Debug|x64
		{0C32EB78-44C7-4397-8643-2E1C1F3442E9}.Release|Any CPU.ActiveCfg = Release|Any CPU
		{0C32EB78-44C7-4397-8643-2E1C1F3442E9}.Release|Any CPU.Build.0 = Release|Any CPU
		{0C32EB78-44C7-4397-8643-2E1C1F3442E9}.Release|arm64.ActiveCfg = Release|arm64
		{0C32EB78-44C7-4397-8643-2E1C1F3442E9}.Release|arm64.Build.0 = Release|arm64
		{0C32EB78-44C7-4397-8643-2E1C1F3442E9}.Release|x64.ActiveCfg = Release|x64
		{0C32EB78-44C7-4397-8643-2E1C1F3442E9}.Release|x64.Build.0 = Release|x64
		{3F7A2C45-EC4E-4CF5-8D62-4BA3A52F6CAC}.Debug|Any CPU.ActiveCfg = Debug|Any CPU
		{3F7A2C45-EC4E-4CF5-8D62-4BA3A52F6CAC}.Debug|Any CPU.Build.0 = Debug|Any CPU
		{3F7A2C45-EC4E-4CF5-8D62-4BA3A52F6CAC}.Debug|arm64.ActiveCfg = Debug|arm64
		{3F7A2C45-EC4E-4CF5-8D62-4BA3A52F6CAC}.Debug|arm64.Build.0 = Debug|arm64
		{3F7A2C45-EC4E-4CF5-8D62-4BA3A52F6CAC}.Debug|x64.ActiveCfg = Debug|x64
		{3F7A2C45-EC4E-4CF5-8D62-4BA3A52F6CAC}.Debug|x64.Build.0 = Debug|x64
		{3F7A2C45-EC4E-4CF5-8D62-4BA3A52F6CAC}.Release|Any CPU.ActiveCfg = Release|Any CPU
		{3F7A2C45-EC4E-4CF5-8D62-4BA3A52F6CAC}.Release|Any CPU.Build.0 = Release|Any CPU
		{3F7A2C45-EC4E-4CF5-8D62-4BA3A52F6CAC}.Release|arm64.ActiveCfg = Release|arm64
		{3F7A2C45-EC4E-4CF5-8D62-4BA3A52F6CAC}.Release|arm64.Build.0 = Release|arm64
		{3F7A2C45-EC4E-4CF5-8D62-4BA3A52F6CAC}.Release|x64.ActiveCfg = Release|x64
		{3F7A2C45-EC4E-4CF5-8D62-4BA3A52F6CAC}.Release|x64.Build.0 = Release|x64
		{804053FC-ABCF-4A54-9B24-CF623CEA990F}.Debug|Any CPU.ActiveCfg = Debug|Any CPU
		{804053FC-ABCF-4A54-9B24-CF623CEA990F}.Debug|Any CPU.Build.0 = Debug|Any CPU
		{804053FC-ABCF-4A54-9B24-CF623CEA990F}.Debug|arm64.ActiveCfg = Debug|arm64
		{804053FC-ABCF-4A54-9B24-CF623CEA990F}.Debug|arm64.Build.0 = Debug|arm64
		{804053FC-ABCF-4A54-9B24-CF623CEA990F}.Debug|x64.ActiveCfg = Debug|x64
		{804053FC-ABCF-4A54-9B24-CF623CEA990F}.Debug|x64.Build.0 = Debug|x64
		{804053FC-ABCF-4A54-9B24-CF623CEA990F}.Release|Any CPU.ActiveCfg = Release|Any CPU
		{804053FC-ABCF-4A54-9B24-CF623CEA990F}.Release|Any CPU.Build.0 = Release|Any CPU
		{804053FC-ABCF-4A54-9B24-CF623CEA990F}.Release|arm64.ActiveCfg = Release|arm64
		{804053FC-ABCF-4A54-9B24-CF623CEA990F}.Release|arm64.Build.0 = Release|arm64
		{804053FC-ABCF-4A54-9B24-CF623CEA990F}.Release|x64.ActiveCfg = Release|x64
		{804053FC-ABCF-4A54-9B24-CF623CEA990F}.Release|x64.Build.0 = Release|x64
		{1E722ACD-6DC6-4D2E-AD30-642483643B7C}.Debug|Any CPU.ActiveCfg = Debug|Any CPU
		{1E722ACD-6DC6-4D2E-AD30-642483643B7C}.Debug|Any CPU.Build.0 = Debug|Any CPU
		{1E722ACD-6DC6-4D2E-AD30-642483643B7C}.Debug|arm64.ActiveCfg = Debug|arm64
		{1E722ACD-6DC6-4D2E-AD30-642483643B7C}.Debug|arm64.Build.0 = Debug|arm64
		{1E722ACD-6DC6-4D2E-AD30-642483643B7C}.Debug|x64.ActiveCfg = Debug|x64
		{1E722ACD-6DC6-4D2E-AD30-642483643B7C}.Debug|x64.Build.0 = Debug|x64
		{1E722ACD-6DC6-4D2E-AD30-642483643B7C}.Release|Any CPU.ActiveCfg = Release|Any CPU
		{1E722ACD-6DC6-4D2E-AD30-642483643B7C}.Release|Any CPU.Build.0 = Release|Any CPU
		{1E722ACD-6DC6-4D2E-AD30-642483643B7C}.Release|arm64.ActiveCfg = Release|arm64
		{1E722ACD-6DC6-4D2E-AD30-642483643B7C}.Release|arm64.Build.0 = Release|arm64
		{1E722ACD-6DC6-4D2E-AD30-642483643B7C}.Release|x64.ActiveCfg = Release|x64
		{1E722ACD-6DC6-4D2E-AD30-642483643B7C}.Release|x64.Build.0 = Release|x64
		{C1429C46-750E-4203-BD0E-215F7D2EE8C2}.Debug|Any CPU.ActiveCfg = Debug|Any CPU
		{C1429C46-750E-4203-BD0E-215F7D2EE8C2}.Debug|Any CPU.Build.0 = Debug|Any CPU
		{C1429C46-750E-4203-BD0E-215F7D2EE8C2}.Debug|arm64.ActiveCfg = Debug|arm64
		{C1429C46-750E-4203-BD0E-215F7D2EE8C2}.Debug|arm64.Build.0 = Debug|arm64
		{C1429C46-750E-4203-BD0E-215F7D2EE8C2}.Debug|x64.ActiveCfg = Debug|x64
		{C1429C46-750E-4203-BD0E-215F7D2EE8C2}.Debug|x64.Build.0 = Debug|x64
		{C1429C46-750E-4203-BD0E-215F7D2EE8C2}.Release|Any CPU.ActiveCfg = Release|Any CPU
		{C1429C46-750E-4203-BD0E-215F7D2EE8C2}.Release|Any CPU.Build.0 = Release|Any CPU
		{C1429C46-750E-4203-BD0E-215F7D2EE8C2}.Release|arm64.ActiveCfg = Release|arm64
		{C1429C46-750E-4203-BD0E-215F7D2EE8C2}.Release|arm64.Build.0 = Release|arm64
		{C1429C46-750E-4203-BD0E-215F7D2EE8C2}.Release|x64.ActiveCfg = Release|x64
		{C1429C46-750E-4203-BD0E-215F7D2EE8C2}.Release|x64.Build.0 = Release|x64
		{E91865D5-66D9-448B-9EEC-E0EEF6EC5EBE}.Debug|Any CPU.ActiveCfg = Debug|Any CPU
		{E91865D5-66D9-448B-9EEC-E0EEF6EC5EBE}.Debug|Any CPU.Build.0 = Debug|Any CPU
		{E91865D5-66D9-448B-9EEC-E0EEF6EC5EBE}.Debug|arm64.ActiveCfg = Debug|arm64
		{E91865D5-66D9-448B-9EEC-E0EEF6EC5EBE}.Debug|arm64.Build.0 = Debug|arm64
		{E91865D5-66D9-448B-9EEC-E0EEF6EC5EBE}.Debug|x64.ActiveCfg = Debug|x64
		{E91865D5-66D9-448B-9EEC-E0EEF6EC5EBE}.Debug|x64.Build.0 = Debug|x64
		{E91865D5-66D9-448B-9EEC-E0EEF6EC5EBE}.Release|Any CPU.ActiveCfg = Release|Any CPU
		{E91865D5-66D9-448B-9EEC-E0EEF6EC5EBE}.Release|Any CPU.Build.0 = Release|Any CPU
		{E91865D5-66D9-448B-9EEC-E0EEF6EC5EBE}.Release|arm64.ActiveCfg = Release|arm64
		{E91865D5-66D9-448B-9EEC-E0EEF6EC5EBE}.Release|arm64.Build.0 = Release|arm64
		{E91865D5-66D9-448B-9EEC-E0EEF6EC5EBE}.Release|x64.ActiveCfg = Release|x64
		{E91865D5-66D9-448B-9EEC-E0EEF6EC5EBE}.Release|x64.Build.0 = Release|x64
		{741677F5-5C83-474E-83B7-08F7A84DE11D}.Debug|Any CPU.ActiveCfg = Debug|Any CPU
		{741677F5-5C83-474E-83B7-08F7A84DE11D}.Debug|Any CPU.Build.0 = Debug|Any CPU
		{741677F5-5C83-474E-83B7-08F7A84DE11D}.Debug|arm64.ActiveCfg = Debug|arm64
		{741677F5-5C83-474E-83B7-08F7A84DE11D}.Debug|arm64.Build.0 = Debug|arm64
		{741677F5-5C83-474E-83B7-08F7A84DE11D}.Debug|x64.ActiveCfg = Debug|x64
		{741677F5-5C83-474E-83B7-08F7A84DE11D}.Debug|x64.Build.0 = Debug|x64
		{741677F5-5C83-474E-83B7-08F7A84DE11D}.Release|Any CPU.ActiveCfg = Release|Any CPU
		{741677F5-5C83-474E-83B7-08F7A84DE11D}.Release|Any CPU.Build.0 = Release|Any CPU
		{741677F5-5C83-474E-83B7-08F7A84DE11D}.Release|arm64.ActiveCfg = Release|arm64
		{741677F5-5C83-474E-83B7-08F7A84DE11D}.Release|arm64.Build.0 = Release|arm64
		{741677F5-5C83-474E-83B7-08F7A84DE11D}.Release|x64.ActiveCfg = Release|x64
		{741677F5-5C83-474E-83B7-08F7A84DE11D}.Release|x64.Build.0 = Release|x64
		{87B4F4D9-352D-46F5-920F-262E2D7FC7FC}.Debug|Any CPU.ActiveCfg = Debug|Any CPU
		{87B4F4D9-352D-46F5-920F-262E2D7FC7FC}.Debug|Any CPU.Build.0 = Debug|Any CPU
		{87B4F4D9-352D-46F5-920F-262E2D7FC7FC}.Debug|arm64.ActiveCfg = Debug|arm64
		{87B4F4D9-352D-46F5-920F-262E2D7FC7FC}.Debug|arm64.Build.0 = Debug|arm64
		{87B4F4D9-352D-46F5-920F-262E2D7FC7FC}.Debug|x64.ActiveCfg = Debug|x64
		{87B4F4D9-352D-46F5-920F-262E2D7FC7FC}.Debug|x64.Build.0 = Debug|x64
		{87B4F4D9-352D-46F5-920F-262E2D7FC7FC}.Release|Any CPU.ActiveCfg = Release|Any CPU
		{87B4F4D9-352D-46F5-920F-262E2D7FC7FC}.Release|Any CPU.Build.0 = Release|Any CPU
		{87B4F4D9-352D-46F5-920F-262E2D7FC7FC}.Release|arm64.ActiveCfg = Release|arm64
		{87B4F4D9-352D-46F5-920F-262E2D7FC7FC}.Release|arm64.Build.0 = Release|arm64
		{87B4F4D9-352D-46F5-920F-262E2D7FC7FC}.Release|x64.ActiveCfg = Release|x64
		{87B4F4D9-352D-46F5-920F-262E2D7FC7FC}.Release|x64.Build.0 = Release|x64
		{9FCA57D6-246D-45CE-AA45-76658EFF849C}.Debug|Any CPU.ActiveCfg = Debug|Any CPU
		{9FCA57D6-246D-45CE-AA45-76658EFF849C}.Debug|Any CPU.Build.0 = Debug|Any CPU
		{9FCA57D6-246D-45CE-AA45-76658EFF849C}.Debug|arm64.ActiveCfg = Debug|arm64
		{9FCA57D6-246D-45CE-AA45-76658EFF849C}.Debug|arm64.Build.0 = Debug|arm64
		{9FCA57D6-246D-45CE-AA45-76658EFF849C}.Debug|x64.ActiveCfg = Debug|x64
		{9FCA57D6-246D-45CE-AA45-76658EFF849C}.Debug|x64.Build.0 = Debug|x64
		{9FCA57D6-246D-45CE-AA45-76658EFF849C}.Release|Any CPU.ActiveCfg = Release|Any CPU
		{9FCA57D6-246D-45CE-AA45-76658EFF849C}.Release|Any CPU.Build.0 = Release|Any CPU
		{9FCA57D6-246D-45CE-AA45-76658EFF849C}.Release|arm64.ActiveCfg = Release|arm64
		{9FCA57D6-246D-45CE-AA45-76658EFF849C}.Release|arm64.Build.0 = Release|arm64
		{9FCA57D6-246D-45CE-AA45-76658EFF849C}.Release|x64.ActiveCfg = Release|x64
		{9FCA57D6-246D-45CE-AA45-76658EFF849C}.Release|x64.Build.0 = Release|x64
	EndGlobalSection
	GlobalSection(SolutionProperties) = preSolution
		HideSolutionNode = FALSE
	EndGlobalSection
	GlobalSection(ExtensibilityGlobals) = postSolution
		SolutionGuid = {821A328A-F03A-4865-8C49-F083BCCEF0F1}
	EndGlobalSection
EndGlobal
